// !$*UTF8*$!
{
	archiveVersion = 1;
	classes = {
	};
	objectVersion = 46;
	objects = {

/* Begin PBXAggregateTarget section */
		EA69987516AD438700B20033 /* FoundationFramework */ = {
			isa = PBXAggregateTarget;
			buildConfigurationList = EA69987616AD438700B20033 /* Build configuration list for PBXAggregateTarget "FoundationFramework" */;
			buildPhases = (
				EA69987B16AD43A100B20033 /* ShellScript */,
			);
			dependencies = (
				EA69987A16AD439200B20033 /* PBXTargetDependency */,
			);
			name = FoundationFramework;
			productName = FoundationFramework;
		};
/* End PBXAggregateTarget section */

/* Begin PBXBuildFile section */
		5C0D4F12AC854355B44FE124 /* libPods.a in Frameworks */ = {isa = PBXBuildFile; fileRef = 66E0F395D9D548D8B5F4B807 /* libPods.a */; };
		EA0183EE16EDA2C9005E1DAC /* JCSLocalization.h in Headers */ = {isa = PBXBuildFile; fileRef = EA0183EC16EDA2C9005E1DAC /* JCSLocalization.h */; };
		EA0183EF16EDA2C9005E1DAC /* JCSLocalization.m in Sources */ = {isa = PBXBuildFile; fileRef = EA0183ED16EDA2C9005E1DAC /* JCSLocalization.m */; };
		EA222E67173B662C00C5D613 /* UIImage+JCSImageSave.h in Headers */ = {isa = PBXBuildFile; fileRef = EA222E65173B662C00C5D613 /* UIImage+JCSImageSave.h */; };
		EA222E68173B662C00C5D613 /* UIImage+JCSImageSave.m in Sources */ = {isa = PBXBuildFile; fileRef = EA222E66173B662C00C5D613 /* UIImage+JCSImageSave.m */; };
		EA2347B716E349DB000C63A0 /* JCSPhotoCaptureView.h in Headers */ = {isa = PBXBuildFile; fileRef = EA2347B516E349DB000C63A0 /* JCSPhotoCaptureView.h */; };
		EA2347B816E349DB000C63A0 /* JCSPhotoCaptureView.m in Sources */ = {isa = PBXBuildFile; fileRef = EA2347B616E349DB000C63A0 /* JCSPhotoCaptureView.m */; };
		EA2347C916E46E3D000C63A0 /* JCSCameraCapture.h in Headers */ = {isa = PBXBuildFile; fileRef = EA2347C716E46E3D000C63A0 /* JCSCameraCapture.h */; };
		EA2347CA16E46E3D000C63A0 /* JCSCameraCapture.m in Sources */ = {isa = PBXBuildFile; fileRef = EA2347C816E46E3D000C63A0 /* JCSCameraCapture.m */; };
		EA2DB38F16E678F300BD26C4 /* JCSQuickActionSheet.h in Headers */ = {isa = PBXBuildFile; fileRef = EA2DB38D16E678F300BD26C4 /* JCSQuickActionSheet.h */; };
		EA2DB39016E678F300BD26C4 /* JCSQuickActionSheet.m in Sources */ = {isa = PBXBuildFile; fileRef = EA2DB38E16E678F300BD26C4 /* JCSQuickActionSheet.m */; };
		EA37035A1767503900FBD4F3 /* NSMutableString+JCSIssues.h in Headers */ = {isa = PBXBuildFile; fileRef = EA3703581767503900FBD4F3 /* NSMutableString+JCSIssues.h */; };
		EA37035B1767503900FBD4F3 /* NSMutableString+JCSIssues.m in Sources */ = {isa = PBXBuildFile; fileRef = EA3703591767503900FBD4F3 /* NSMutableString+JCSIssues.m */; };
		EA5094B216FA3BE10064B88A /* NSDate+JCSCalculations.h in Headers */ = {isa = PBXBuildFile; fileRef = EA5094B016FA3BE10064B88A /* NSDate+JCSCalculations.h */; };
		EA5094B316FA3BE10064B88A /* NSDate+JCSCalculations.m in Sources */ = {isa = PBXBuildFile; fileRef = EA5094B116FA3BE10064B88A /* NSDate+JCSCalculations.m */; };
		EA59299A175A2212007C0072 /* JCSDropDownCell.h in Headers */ = {isa = PBXBuildFile; fileRef = EA592998175A2212007C0072 /* JCSDropDownCell.h */; };
		EA59299B175A2212007C0072 /* JCSDropDownCell.m in Sources */ = {isa = PBXBuildFile; fileRef = EA592999175A2212007C0072 /* JCSDropDownCell.m */; };
		EA59299E175A22A5007C0072 /* JCSNoCaretTextField.h in Headers */ = {isa = PBXBuildFile; fileRef = EA59299C175A22A5007C0072 /* JCSNoCaretTextField.h */; };
		EA59299F175A22A5007C0072 /* JCSNoCaretTextField.m in Sources */ = {isa = PBXBuildFile; fileRef = EA59299D175A22A5007C0072 /* JCSNoCaretTextField.m */; };
		EA5D032D16CAD12300D4D42D /* UIApplication+Keyboard.h in Headers */ = {isa = PBXBuildFile; fileRef = EA5D032B16CAD12300D4D42D /* UIApplication+Keyboard.h */; };
		EA5D032E16CAD12300D4D42D /* UIApplication+Keyboard.m in Sources */ = {isa = PBXBuildFile; fileRef = EA5D032C16CAD12300D4D42D /* UIApplication+Keyboard.m */; };
		EA5D034516CAD92D00D4D42D /* UIView+JCSLoadView.h in Headers */ = {isa = PBXBuildFile; fileRef = EA5D034316CAD92D00D4D42D /* UIView+JCSLoadView.h */; settings = {ATTRIBUTES = (Public, ); }; };
		EA5D034616CAD92D00D4D42D /* UIView+JCSLoadView.m in Sources */ = {isa = PBXBuildFile; fileRef = EA5D034416CAD92D00D4D42D /* UIView+JCSLoadView.m */; };
		EA69986316AD3DCF00B20033 /* NSString+JCSValidations.m in Sources */ = {isa = PBXBuildFile; fileRef = EA69986216AD3DCF00B20033 /* NSString+JCSValidations.m */; };
		EA69987316AD42B700B20033 /* JCSFoundation.h in Headers */ = {isa = PBXBuildFile; fileRef = EAD0635516A092D000FF6BA9 /* JCSFoundation.h */; settings = {ATTRIBUTES = (Public, ); }; };
		EA69987416AD42B900B20033 /* NSString+JCSValidations.h in Headers */ = {isa = PBXBuildFile; fileRef = EA69986116AD3DCF00B20033 /* NSString+JCSValidations.h */; settings = {ATTRIBUTES = (Public, ); }; };
		EA71D11216D499950059CC4D /* JCSObjectModel.h in Headers */ = {isa = PBXBuildFile; fileRef = EA71D11016D499950059CC4D /* JCSObjectModel.h */; };
		EA71D11316D499950059CC4D /* JCSObjectModel.m in Sources */ = {isa = PBXBuildFile; fileRef = EA71D11116D499950059CC4D /* JCSObjectModel.m */; };
		EA7AC2F816D8AD7B00633E52 /* UITableViewCell+JCSPositioning.h in Headers */ = {isa = PBXBuildFile; fileRef = EA7AC2F616D8AD7B00633E52 /* UITableViewCell+JCSPositioning.h */; };
		EA7AC2F916D8AD7B00633E52 /* UITableViewCell+JCSPositioning.m in Sources */ = {isa = PBXBuildFile; fileRef = EA7AC2F716D8AD7B00633E52 /* UITableViewCell+JCSPositioning.m */; };
		EA7AC30E16D9FC1D00633E52 /* JCSQuickAlertView.h in Headers */ = {isa = PBXBuildFile; fileRef = EA7AC30C16D9FC1D00633E52 /* JCSQuickAlertView.h */; };
		EA7AC30F16D9FC1D00633E52 /* JCSQuickAlertView.m in Sources */ = {isa = PBXBuildFile; fileRef = EA7AC30D16D9FC1D00633E52 /* JCSQuickAlertView.m */; };
		EA800B71180523560026C670 /* JCSFetchedCollectionViewController.h in Headers */ = {isa = PBXBuildFile; fileRef = EA800B6F180523560026C670 /* JCSFetchedCollectionViewController.h */; };
		EA800B72180523560026C670 /* JCSFetchedCollectionViewController.m in Sources */ = {isa = PBXBuildFile; fileRef = EA800B70180523560026C670 /* JCSFetchedCollectionViewController.m */; };
		EA800B751805247F0026C670 /* JCSCoreDataChangeAction.h in Headers */ = {isa = PBXBuildFile; fileRef = EA800B731805247F0026C670 /* JCSCoreDataChangeAction.h */; };
		EA800B761805247F0026C670 /* JCSCoreDataChangeAction.m in Sources */ = {isa = PBXBuildFile; fileRef = EA800B741805247F0026C670 /* JCSCoreDataChangeAction.m */; };
		EA84DD8F16CFC3C800177B30 /* JCSPopupAlertView.h in Headers */ = {isa = PBXBuildFile; fileRef = EA84DD8D16CFC3C800177B30 /* JCSPopupAlertView.h */; };
		EA84DD9016CFC3C800177B30 /* JCSPopupAlertView.m in Sources */ = {isa = PBXBuildFile; fileRef = EA84DD8E16CFC3C800177B30 /* JCSPopupAlertView.m */; };
		EA84DD9316CFC3DA00177B30 /* JCSPopupView.h in Headers */ = {isa = PBXBuildFile; fileRef = EA84DD9116CFC3DA00177B30 /* JCSPopupView.h */; };
		EA84DD9416CFC3DA00177B30 /* JCSPopupView.m in Sources */ = {isa = PBXBuildFile; fileRef = EA84DD9216CFC3DA00177B30 /* JCSPopupView.m */; };
		EA84DD9716CFC3F200177B30 /* JCSActivityView.h in Headers */ = {isa = PBXBuildFile; fileRef = EA84DD9516CFC3F200177B30 /* JCSActivityView.h */; };
		EA84DD9816CFC3F200177B30 /* JCSActivityView.m in Sources */ = {isa = PBXBuildFile; fileRef = EA84DD9616CFC3F200177B30 /* JCSActivityView.m */; };
		EA92D96A176A5C2D0078D0C4 /* JCSDateEntryCell.h in Headers */ = {isa = PBXBuildFile; fileRef = EA92D968176A5C2D0078D0C4 /* JCSDateEntryCell.h */; };
		EA92D96B176A5C2D0078D0C4 /* JCSDateEntryCell.m in Sources */ = {isa = PBXBuildFile; fileRef = EA92D969176A5C2D0078D0C4 /* JCSDateEntryCell.m */; };
		EAA2A65216D4C1D800001229 /* JCSFetchedTableViewController.h in Headers */ = {isa = PBXBuildFile; fileRef = EAA2A65016D4C1D800001229 /* JCSFetchedTableViewController.h */; };
		EAA2A65316D4C1D800001229 /* JCSFetchedTableViewController.m in Sources */ = {isa = PBXBuildFile; fileRef = EAA2A65116D4C1D800001229 /* JCSFetchedTableViewController.m */; };
		EAA2A65A16D4C5DF00001229 /* JCSFetchedTableCell.h in Headers */ = {isa = PBXBuildFile; fileRef = EAA2A65816D4C5DF00001229 /* JCSFetchedTableCell.h */; };
		EAA2A65B16D4C5DF00001229 /* JCSFetchedTableCell.m in Sources */ = {isa = PBXBuildFile; fileRef = EAA2A65916D4C5DF00001229 /* JCSFetchedTableCell.m */; };
		EAA54F231733871F00B65BF3 /* JCSDecimalInputValidation.h in Headers */ = {isa = PBXBuildFile; fileRef = EAA54F211733871F00B65BF3 /* JCSDecimalInputValidation.h */; };
		EAA54F241733871F00B65BF3 /* JCSDecimalInputValidation.m in Sources */ = {isa = PBXBuildFile; fileRef = EAA54F221733871F00B65BF3 /* JCSDecimalInputValidation.m */; };
		EAA54F2717338A6600B65BF3 /* JCSQuickNumericInputAccessoryView.h in Headers */ = {isa = PBXBuildFile; fileRef = EAA54F2517338A6600B65BF3 /* JCSQuickNumericInputAccessoryView.h */; };
		EAA54F2817338A6600B65BF3 /* JCSQuickNumericInputAccessoryView.m in Sources */ = {isa = PBXBuildFile; fileRef = EAA54F2617338A6600B65BF3 /* JCSQuickNumericInputAccessoryView.m */; };
		EAAEEFE916D73E54008CBBA2 /* JCSInputCellsViewController.h in Headers */ = {isa = PBXBuildFile; fileRef = EAAEEFE716D73E54008CBBA2 /* JCSInputCellsViewController.h */; };
		EAAEEFEA16D73E54008CBBA2 /* JCSInputCellsViewController.m in Sources */ = {isa = PBXBuildFile; fileRef = EAAEEFE816D73E54008CBBA2 /* JCSInputCellsViewController.m */; };
		EAAEEFED16D73E72008CBBA2 /* JCSTextEntryCell.h in Headers */ = {isa = PBXBuildFile; fileRef = EAAEEFEB16D73E72008CBBA2 /* JCSTextEntryCell.h */; };
		EAAEEFEE16D73E72008CBBA2 /* JCSTextEntryCell.m in Sources */ = {isa = PBXBuildFile; fileRef = EAAEEFEC16D73E72008CBBA2 /* JCSTextEntryCell.m */; };
		EAAEEFFE16D7465F008CBBA2 /* UIView+JCSFindParent.h in Headers */ = {isa = PBXBuildFile; fileRef = EAAEEFFC16D7465F008CBBA2 /* UIView+JCSFindParent.h */; };
		EAAEEFFF16D7465F008CBBA2 /* UIView+JCSFindParent.m in Sources */ = {isa = PBXBuildFile; fileRef = EAAEEFFD16D7465F008CBBA2 /* UIView+JCSFindParent.m */; };
		EAC9912917969B9E0042AD89 /* NSString+MD5.h in Headers */ = {isa = PBXBuildFile; fileRef = EAC9912717969B9E0042AD89 /* NSString+MD5.h */; };
		EAC9912A17969B9E0042AD89 /* NSString+MD5.m in Sources */ = {isa = PBXBuildFile; fileRef = EAC9912817969B9E0042AD89 /* NSString+MD5.m */; };
		EACDE6E516FD1052000BFCAA /* GDataXMLElement+JCSHelpers.h in Headers */ = {isa = PBXBuildFile; fileRef = EACDE6E116FD1052000BFCAA /* GDataXMLElement+JCSHelpers.h */; };
		EACDE6E616FD1053000BFCAA /* GDataXMLElement+JCSHelpers.m in Sources */ = {isa = PBXBuildFile; fileRef = EACDE6E216FD1052000BFCAA /* GDataXMLElement+JCSHelpers.m */; };
		EACDE6E716FD1053000BFCAA /* GDataXMLNode.h in Headers */ = {isa = PBXBuildFile; fileRef = EACDE6E316FD1052000BFCAA /* GDataXMLNode.h */; };
		EACDE6E816FD1053000BFCAA /* GDataXMLNode.m in Sources */ = {isa = PBXBuildFile; fileRef = EACDE6E416FD1052000BFCAA /* GDataXMLNode.m */; settings = {COMPILER_FLAGS = "-fno-objc-arc"; }; };
		EACE155E16E0801100A5CCCD /* JCSNumericInputAccessoryView.h in Headers */ = {isa = PBXBuildFile; fileRef = EACE155C16E0801100A5CCCD /* JCSNumericInputAccessoryView.h */; };
		EACE155F16E0801100A5CCCD /* JCSNumericInputAccessoryView.m in Sources */ = {isa = PBXBuildFile; fileRef = EACE155D16E0801100A5CCCD /* JCSNumericInputAccessoryView.m */; };
		EAD0635116A092D000FF6BA9 /* Foundation.framework in Frameworks */ = {isa = PBXBuildFile; fileRef = EAD0635016A092D000FF6BA9 /* Foundation.framework */; };
		EAD70CF216D1F9E40021EDCF /* JCSSingleInputEntryViewController.h in Headers */ = {isa = PBXBuildFile; fileRef = EAD70CF016D1F9E40021EDCF /* JCSSingleInputEntryViewController.h */; };
		EAD70CF316D1F9E40021EDCF /* JCSSingleInputEntryViewController.m in Sources */ = {isa = PBXBuildFile; fileRef = EAD70CF116D1F9E40021EDCF /* JCSSingleInputEntryViewController.m */; };
		EAD85B27173A17D700C22211 /* UIImage+Alpha.h in Headers */ = {isa = PBXBuildFile; fileRef = EAD85B21173A17D700C22211 /* UIImage+Alpha.h */; };
		EAD85B28173A17D700C22211 /* UIImage+Alpha.m in Sources */ = {isa = PBXBuildFile; fileRef = EAD85B22173A17D700C22211 /* UIImage+Alpha.m */; };
		EAD85B29173A17D700C22211 /* UIImage+Resize.h in Headers */ = {isa = PBXBuildFile; fileRef = EAD85B23173A17D700C22211 /* UIImage+Resize.h */; };
		EAD85B2A173A17D700C22211 /* UIImage+Resize.m in Sources */ = {isa = PBXBuildFile; fileRef = EAD85B24173A17D700C22211 /* UIImage+Resize.m */; };
		EAD85B2B173A17D700C22211 /* UIImage+RoundedCorner.h in Headers */ = {isa = PBXBuildFile; fileRef = EAD85B25173A17D700C22211 /* UIImage+RoundedCorner.h */; };
		EAD85B2C173A17D700C22211 /* UIImage+RoundedCorner.m in Sources */ = {isa = PBXBuildFile; fileRef = EAD85B26173A17D700C22211 /* UIImage+RoundedCorner.m */; };
		EAD984DB1787F899005D3D18 /* JCSJSONNetworkOperation.h in Headers */ = {isa = PBXBuildFile; fileRef = EAD984D91787F899005D3D18 /* JCSJSONNetworkOperation.h */; };
		EAD984DC1787F899005D3D18 /* JCSJSONNetworkOperation.m in Sources */ = {isa = PBXBuildFile; fileRef = EAD984DA1787F899005D3D18 /* JCSJSONNetworkOperation.m */; };
		EADB6BD9178720A000526DE0 /* JCSNetworkOperation.h in Headers */ = {isa = PBXBuildFile; fileRef = EADB6BD7178720A000526DE0 /* JCSNetworkOperation.h */; };
		EADB6BDA178720A000526DE0 /* JCSNetworkOperation.m in Sources */ = {isa = PBXBuildFile; fileRef = EADB6BD8178720A000526DE0 /* JCSNetworkOperation.m */; };
		EAEB273416D0D3AD00D126BD /* JCSSelectionViewController.h in Headers */ = {isa = PBXBuildFile; fileRef = EAEB273216D0D3AD00D126BD /* JCSSelectionViewController.h */; };
		EAEB273516D0D3AD00D126BD /* JCSSelectionViewController.m in Sources */ = {isa = PBXBuildFile; fileRef = EAEB273316D0D3AD00D126BD /* JCSSelectionViewController.m */; };
		EAEB273816D0D3CB00D126BD /* JCSSingleSelectionViewController.h in Headers */ = {isa = PBXBuildFile; fileRef = EAEB273616D0D3CB00D126BD /* JCSSingleSelectionViewController.h */; };
		EAEB273916D0D3CB00D126BD /* JCSSingleSelectionViewController.m in Sources */ = {isa = PBXBuildFile; fileRef = EAEB273716D0D3CB00D126BD /* JCSSingleSelectionViewController.m */; };
		EAEB273C16D0D3E100D126BD /* JCSMultiSelectionViewController.h in Headers */ = {isa = PBXBuildFile; fileRef = EAEB273A16D0D3E100D126BD /* JCSMultiSelectionViewController.h */; };
		EAEB273D16D0D3E100D126BD /* JCSMultiSelectionViewController.m in Sources */ = {isa = PBXBuildFile; fileRef = EAEB273B16D0D3E100D126BD /* JCSMultiSelectionViewController.m */; };
		EAEB274B16D1076A00D126BD /* JCSSelectionCell.h in Headers */ = {isa = PBXBuildFile; fileRef = EAEB274916D1076A00D126BD /* JCSSelectionCell.h */; };
		EAEB274C16D1076A00D126BD /* JCSSelectionCell.m in Sources */ = {isa = PBXBuildFile; fileRef = EAEB274A16D1076A00D126BD /* JCSSelectionCell.m */; };
		EAEB276916D11BE500D126BD /* CoreData.framework in Frameworks */ = {isa = PBXBuildFile; fileRef = EAEB276816D11BE500D126BD /* CoreData.framework */; };
		EAF31B72179A7CC1004EA135 /* NSDate+ISO8601.h in Headers */ = {isa = PBXBuildFile; fileRef = EAF31B70179A7CC1004EA135 /* NSDate+ISO8601.h */; };
		EAF31B73179A7CC1004EA135 /* NSDate+ISO8601.m in Sources */ = {isa = PBXBuildFile; fileRef = EAF31B71179A7CC1004EA135 /* NSDate+ISO8601.m */; };
/* End PBXBuildFile section */

/* Begin PBXContainerItemProxy section */
		EA69987916AD439200B20033 /* PBXContainerItemProxy */ = {
			isa = PBXContainerItemProxy;
			containerPortal = EAD0634416A092D000FF6BA9 /* Project object */;
			proxyType = 1;
			remoteGlobalIDString = EAD0634C16A092D000FF6BA9;
			remoteInfo = JCSFoundation;
		};
/* End PBXContainerItemProxy section */

/* Begin PBXFileReference section */
		22B18E9DCA504C2BAED346D2 /* Pods/Pods.xcconfig */ = {isa = PBXFileReference; includeInIndex = 1; lastKnownFileType = text.xcconfig; path = Pods/Pods.xcconfig; sourceTree = SOURCE_ROOT; };
		66E0F395D9D548D8B5F4B807 /* libPods.a */ = {isa = PBXFileReference; explicitFileType = archive.ar; includeInIndex = 0; path = libPods.a; sourceTree = BUILT_PRODUCTS_DIR; };
		EA0183EC16EDA2C9005E1DAC /* JCSLocalization.h */ = {isa = PBXFileReference; fileEncoding = 4; lastKnownFileType = sourcecode.c.h; path = JCSLocalization.h; sourceTree = "<group>"; };
		EA0183ED16EDA2C9005E1DAC /* JCSLocalization.m */ = {isa = PBXFileReference; fileEncoding = 4; lastKnownFileType = sourcecode.c.objc; path = JCSLocalization.m; sourceTree = "<group>"; };
		EA222E65173B662C00C5D613 /* UIImage+JCSImageSave.h */ = {isa = PBXFileReference; fileEncoding = 4; lastKnownFileType = sourcecode.c.h; path = "UIImage+JCSImageSave.h"; sourceTree = "<group>"; };
		EA222E66173B662C00C5D613 /* UIImage+JCSImageSave.m */ = {isa = PBXFileReference; fileEncoding = 4; lastKnownFileType = sourcecode.c.objc; path = "UIImage+JCSImageSave.m"; sourceTree = "<group>"; };
		EA2347B516E349DB000C63A0 /* JCSPhotoCaptureView.h */ = {isa = PBXFileReference; fileEncoding = 4; lastKnownFileType = sourcecode.c.h; path = JCSPhotoCaptureView.h; sourceTree = "<group>"; };
		EA2347B616E349DB000C63A0 /* JCSPhotoCaptureView.m */ = {isa = PBXFileReference; fileEncoding = 4; lastKnownFileType = sourcecode.c.objc; path = JCSPhotoCaptureView.m; sourceTree = "<group>"; };
		EA2347C716E46E3D000C63A0 /* JCSCameraCapture.h */ = {isa = PBXFileReference; fileEncoding = 4; lastKnownFileType = sourcecode.c.h; path = JCSCameraCapture.h; sourceTree = "<group>"; };
		EA2347C816E46E3D000C63A0 /* JCSCameraCapture.m */ = {isa = PBXFileReference; fileEncoding = 4; lastKnownFileType = sourcecode.c.objc; path = JCSCameraCapture.m; sourceTree = "<group>"; };
		EA2DB38C16E678D100BD26C4 /* JCSActionSheet.h */ = {isa = PBXFileReference; lastKnownFileType = sourcecode.c.h; path = JCSActionSheet.h; sourceTree = "<group>"; };
		EA2DB38D16E678F300BD26C4 /* JCSQuickActionSheet.h */ = {isa = PBXFileReference; fileEncoding = 4; lastKnownFileType = sourcecode.c.h; path = JCSQuickActionSheet.h; sourceTree = "<group>"; };
		EA2DB38E16E678F300BD26C4 /* JCSQuickActionSheet.m */ = {isa = PBXFileReference; fileEncoding = 4; lastKnownFileType = sourcecode.c.objc; path = JCSQuickActionSheet.m; sourceTree = "<group>"; };
		EA3703581767503900FBD4F3 /* NSMutableString+JCSIssues.h */ = {isa = PBXFileReference; fileEncoding = 4; lastKnownFileType = sourcecode.c.h; path = "NSMutableString+JCSIssues.h"; sourceTree = "<group>"; };
		EA3703591767503900FBD4F3 /* NSMutableString+JCSIssues.m */ = {isa = PBXFileReference; fileEncoding = 4; lastKnownFileType = sourcecode.c.objc; path = "NSMutableString+JCSIssues.m"; sourceTree = "<group>"; };
		EA5094B016FA3BE10064B88A /* NSDate+JCSCalculations.h */ = {isa = PBXFileReference; fileEncoding = 4; lastKnownFileType = sourcecode.c.h; path = "NSDate+JCSCalculations.h"; sourceTree = "<group>"; };
		EA5094B116FA3BE10064B88A /* NSDate+JCSCalculations.m */ = {isa = PBXFileReference; fileEncoding = 4; lastKnownFileType = sourcecode.c.objc; path = "NSDate+JCSCalculations.m"; sourceTree = "<group>"; };
		EA592998175A2212007C0072 /* JCSDropDownCell.h */ = {isa = PBXFileReference; fileEncoding = 4; lastKnownFileType = sourcecode.c.h; path = JCSDropDownCell.h; sourceTree = "<group>"; };
		EA592999175A2212007C0072 /* JCSDropDownCell.m */ = {isa = PBXFileReference; fileEncoding = 4; lastKnownFileType = sourcecode.c.objc; path = JCSDropDownCell.m; sourceTree = "<group>"; };
		EA59299C175A22A5007C0072 /* JCSNoCaretTextField.h */ = {isa = PBXFileReference; fileEncoding = 4; lastKnownFileType = sourcecode.c.h; path = JCSNoCaretTextField.h; sourceTree = "<group>"; };
		EA59299D175A22A5007C0072 /* JCSNoCaretTextField.m */ = {isa = PBXFileReference; fileEncoding = 4; lastKnownFileType = sourcecode.c.objc; path = JCSNoCaretTextField.m; sourceTree = "<group>"; };
		EA5929A9175A280B007C0072 /* JCSDropDownItem.h */ = {isa = PBXFileReference; lastKnownFileType = sourcecode.c.h; path = JCSDropDownItem.h; sourceTree = "<group>"; };
		EA5D032B16CAD12300D4D42D /* UIApplication+Keyboard.h */ = {isa = PBXFileReference; fileEncoding = 4; lastKnownFileType = sourcecode.c.h; path = "UIApplication+Keyboard.h"; sourceTree = "<group>"; };
		EA5D032C16CAD12300D4D42D /* UIApplication+Keyboard.m */ = {isa = PBXFileReference; fileEncoding = 4; lastKnownFileType = sourcecode.c.objc; path = "UIApplication+Keyboard.m"; sourceTree = "<group>"; };
		EA5D034216CAD81200D4D42D /* JCSFoundationConstants.h */ = {isa = PBXFileReference; lastKnownFileType = sourcecode.c.h; path = JCSFoundationConstants.h; sourceTree = "<group>"; };
		EA5D034316CAD92D00D4D42D /* UIView+JCSLoadView.h */ = {isa = PBXFileReference; fileEncoding = 4; lastKnownFileType = sourcecode.c.h; path = "UIView+JCSLoadView.h"; sourceTree = "<group>"; };
		EA5D034416CAD92D00D4D42D /* UIView+JCSLoadView.m */ = {isa = PBXFileReference; fileEncoding = 4; lastKnownFileType = sourcecode.c.objc; path = "UIView+JCSLoadView.m"; sourceTree = "<group>"; };
		EA69986116AD3DCF00B20033 /* NSString+JCSValidations.h */ = {isa = PBXFileReference; fileEncoding = 4; lastKnownFileType = sourcecode.c.h; path = "NSString+JCSValidations.h"; sourceTree = "<group>"; };
		EA69986216AD3DCF00B20033 /* NSString+JCSValidations.m */ = {isa = PBXFileReference; fileEncoding = 4; lastKnownFileType = sourcecode.c.objc; path = "NSString+JCSValidations.m"; sourceTree = "<group>"; };
		EA71D11016D499950059CC4D /* JCSObjectModel.h */ = {isa = PBXFileReference; fileEncoding = 4; lastKnownFileType = sourcecode.c.h; path = JCSObjectModel.h; sourceTree = "<group>"; };
		EA71D11116D499950059CC4D /* JCSObjectModel.m */ = {isa = PBXFileReference; fileEncoding = 4; lastKnownFileType = sourcecode.c.objc; path = JCSObjectModel.m; sourceTree = "<group>"; };
		EA7AC2F616D8AD7B00633E52 /* UITableViewCell+JCSPositioning.h */ = {isa = PBXFileReference; fileEncoding = 4; lastKnownFileType = sourcecode.c.h; path = "UITableViewCell+JCSPositioning.h"; sourceTree = "<group>"; };
		EA7AC2F716D8AD7B00633E52 /* UITableViewCell+JCSPositioning.m */ = {isa = PBXFileReference; fileEncoding = 4; lastKnownFileType = sourcecode.c.objc; path = "UITableViewCell+JCSPositioning.m"; sourceTree = "<group>"; };
		EA7AC30C16D9FC1D00633E52 /* JCSQuickAlertView.h */ = {isa = PBXFileReference; fileEncoding = 4; lastKnownFileType = sourcecode.c.h; path = JCSQuickAlertView.h; sourceTree = "<group>"; };
		EA7AC30D16D9FC1D00633E52 /* JCSQuickAlertView.m */ = {isa = PBXFileReference; fileEncoding = 4; lastKnownFileType = sourcecode.c.objc; path = JCSQuickAlertView.m; sourceTree = "<group>"; };
		EA7AC31016DA00C900633E52 /* JCSAlertView.h */ = {isa = PBXFileReference; lastKnownFileType = sourcecode.c.h; path = JCSAlertView.h; sourceTree = "<group>"; };
		EA800B6F180523560026C670 /* JCSFetchedCollectionViewController.h */ = {isa = PBXFileReference; fileEncoding = 4; lastKnownFileType = sourcecode.c.h; path = JCSFetchedCollectionViewController.h; sourceTree = "<group>"; };
		EA800B70180523560026C670 /* JCSFetchedCollectionViewController.m */ = {isa = PBXFileReference; fileEncoding = 4; lastKnownFileType = sourcecode.c.objc; path = JCSFetchedCollectionViewController.m; sourceTree = "<group>"; };
		EA800B731805247F0026C670 /* JCSCoreDataChangeAction.h */ = {isa = PBXFileReference; fileEncoding = 4; lastKnownFileType = sourcecode.c.h; path = JCSCoreDataChangeAction.h; sourceTree = "<group>"; };
		EA800B741805247F0026C670 /* JCSCoreDataChangeAction.m */ = {isa = PBXFileReference; fileEncoding = 4; lastKnownFileType = sourcecode.c.objc; path = JCSCoreDataChangeAction.m; sourceTree = "<group>"; };
		EA84DD8D16CFC3C800177B30 /* JCSPopupAlertView.h */ = {isa = PBXFileReference; fileEncoding = 4; lastKnownFileType = sourcecode.c.h; path = JCSPopupAlertView.h; sourceTree = "<group>"; };
		EA84DD8E16CFC3C800177B30 /* JCSPopupAlertView.m */ = {isa = PBXFileReference; fileEncoding = 4; lastKnownFileType = sourcecode.c.objc; path = JCSPopupAlertView.m; sourceTree = "<group>"; };
		EA84DD9116CFC3DA00177B30 /* JCSPopupView.h */ = {isa = PBXFileReference; fileEncoding = 4; lastKnownFileType = sourcecode.c.h; path = JCSPopupView.h; sourceTree = "<group>"; };
		EA84DD9216CFC3DA00177B30 /* JCSPopupView.m */ = {isa = PBXFileReference; fileEncoding = 4; lastKnownFileType = sourcecode.c.objc; path = JCSPopupView.m; sourceTree = "<group>"; };
		EA84DD9516CFC3F200177B30 /* JCSActivityView.h */ = {isa = PBXFileReference; fileEncoding = 4; lastKnownFileType = sourcecode.c.h; path = JCSActivityView.h; sourceTree = "<group>"; };
		EA84DD9616CFC3F200177B30 /* JCSActivityView.m */ = {isa = PBXFileReference; fileEncoding = 4; lastKnownFileType = sourcecode.c.objc; path = JCSActivityView.m; sourceTree = "<group>"; };
		EA92D968176A5C2D0078D0C4 /* JCSDateEntryCell.h */ = {isa = PBXFileReference; fileEncoding = 4; lastKnownFileType = sourcecode.c.h; path = JCSDateEntryCell.h; sourceTree = "<group>"; };
		EA92D969176A5C2D0078D0C4 /* JCSDateEntryCell.m */ = {isa = PBXFileReference; fileEncoding = 4; lastKnownFileType = sourcecode.c.objc; path = JCSDateEntryCell.m; sourceTree = "<group>"; };
		EAA2A65016D4C1D800001229 /* JCSFetchedTableViewController.h */ = {isa = PBXFileReference; fileEncoding = 4; lastKnownFileType = sourcecode.c.h; path = JCSFetchedTableViewController.h; sourceTree = "<group>"; };
		EAA2A65116D4C1D800001229 /* JCSFetchedTableViewController.m */ = {isa = PBXFileReference; fileEncoding = 4; lastKnownFileType = sourcecode.c.objc; path = JCSFetchedTableViewController.m; sourceTree = "<group>"; };
		EAA2A65816D4C5DF00001229 /* JCSFetchedTableCell.h */ = {isa = PBXFileReference; fileEncoding = 4; lastKnownFileType = sourcecode.c.h; path = JCSFetchedTableCell.h; sourceTree = "<group>"; };
		EAA2A65916D4C5DF00001229 /* JCSFetchedTableCell.m */ = {isa = PBXFileReference; fileEncoding = 4; lastKnownFileType = sourcecode.c.objc; path = JCSFetchedTableCell.m; sourceTree = "<group>"; };
		EAA54F201733870400B65BF3 /* JCSInputValidation.h */ = {isa = PBXFileReference; lastKnownFileType = sourcecode.c.h; path = JCSInputValidation.h; sourceTree = "<group>"; };
		EAA54F211733871F00B65BF3 /* JCSDecimalInputValidation.h */ = {isa = PBXFileReference; fileEncoding = 4; lastKnownFileType = sourcecode.c.h; path = JCSDecimalInputValidation.h; sourceTree = "<group>"; };
		EAA54F221733871F00B65BF3 /* JCSDecimalInputValidation.m */ = {isa = PBXFileReference; fileEncoding = 4; lastKnownFileType = sourcecode.c.objc; path = JCSDecimalInputValidation.m; sourceTree = "<group>"; };
		EAA54F2517338A6600B65BF3 /* JCSQuickNumericInputAccessoryView.h */ = {isa = PBXFileReference; fileEncoding = 4; lastKnownFileType = sourcecode.c.h; path = JCSQuickNumericInputAccessoryView.h; sourceTree = "<group>"; };
		EAA54F2617338A6600B65BF3 /* JCSQuickNumericInputAccessoryView.m */ = {isa = PBXFileReference; fileEncoding = 4; lastKnownFileType = sourcecode.c.objc; path = JCSQuickNumericInputAccessoryView.m; sourceTree = "<group>"; };
		EAAEEFE716D73E54008CBBA2 /* JCSInputCellsViewController.h */ = {isa = PBXFileReference; fileEncoding = 4; lastKnownFileType = sourcecode.c.h; path = JCSInputCellsViewController.h; sourceTree = "<group>"; };
		EAAEEFE816D73E54008CBBA2 /* JCSInputCellsViewController.m */ = {isa = PBXFileReference; fileEncoding = 4; lastKnownFileType = sourcecode.c.objc; path = JCSInputCellsViewController.m; sourceTree = "<group>"; };
		EAAEEFEB16D73E72008CBBA2 /* JCSTextEntryCell.h */ = {isa = PBXFileReference; fileEncoding = 4; lastKnownFileType = sourcecode.c.h; path = JCSTextEntryCell.h; sourceTree = "<group>"; };
		EAAEEFEC16D73E72008CBBA2 /* JCSTextEntryCell.m */ = {isa = PBXFileReference; fileEncoding = 4; lastKnownFileType = sourcecode.c.objc; path = JCSTextEntryCell.m; sourceTree = "<group>"; };
		EAAEEFFC16D7465F008CBBA2 /* UIView+JCSFindParent.h */ = {isa = PBXFileReference; fileEncoding = 4; lastKnownFileType = sourcecode.c.h; path = "UIView+JCSFindParent.h"; sourceTree = "<group>"; };
		EAAEEFFD16D7465F008CBBA2 /* UIView+JCSFindParent.m */ = {isa = PBXFileReference; fileEncoding = 4; lastKnownFileType = sourcecode.c.objc; path = "UIView+JCSFindParent.m"; sourceTree = "<group>"; };
		EAC9912717969B9E0042AD89 /* NSString+MD5.h */ = {isa = PBXFileReference; fileEncoding = 4; lastKnownFileType = sourcecode.c.h; path = "NSString+MD5.h"; sourceTree = "<group>"; };
		EAC9912817969B9E0042AD89 /* NSString+MD5.m */ = {isa = PBXFileReference; fileEncoding = 4; lastKnownFileType = sourcecode.c.objc; path = "NSString+MD5.m"; sourceTree = "<group>"; };
		EACDE6E116FD1052000BFCAA /* GDataXMLElement+JCSHelpers.h */ = {isa = PBXFileReference; fileEncoding = 4; lastKnownFileType = sourcecode.c.h; path = "GDataXMLElement+JCSHelpers.h"; sourceTree = "<group>"; };
		EACDE6E216FD1052000BFCAA /* GDataXMLElement+JCSHelpers.m */ = {isa = PBXFileReference; fileEncoding = 4; lastKnownFileType = sourcecode.c.objc; path = "GDataXMLElement+JCSHelpers.m"; sourceTree = "<group>"; };
		EACDE6E316FD1052000BFCAA /* GDataXMLNode.h */ = {isa = PBXFileReference; fileEncoding = 4; lastKnownFileType = sourcecode.c.h; path = GDataXMLNode.h; sourceTree = "<group>"; };
		EACDE6E416FD1052000BFCAA /* GDataXMLNode.m */ = {isa = PBXFileReference; fileEncoding = 4; lastKnownFileType = sourcecode.c.objc; path = GDataXMLNode.m; sourceTree = "<group>"; };
		EACE155C16E0801100A5CCCD /* JCSNumericInputAccessoryView.h */ = {isa = PBXFileReference; fileEncoding = 4; lastKnownFileType = sourcecode.c.h; path = JCSNumericInputAccessoryView.h; sourceTree = "<group>"; };
		EACE155D16E0801100A5CCCD /* JCSNumericInputAccessoryView.m */ = {isa = PBXFileReference; fileEncoding = 4; lastKnownFileType = sourcecode.c.objc; path = JCSNumericInputAccessoryView.m; sourceTree = "<group>"; };
		EAD0634D16A092D000FF6BA9 /* libJCSFoundation.a */ = {isa = PBXFileReference; explicitFileType = archive.ar; includeInIndex = 0; path = libJCSFoundation.a; sourceTree = BUILT_PRODUCTS_DIR; };
		EAD0635016A092D000FF6BA9 /* Foundation.framework */ = {isa = PBXFileReference; lastKnownFileType = wrapper.framework; name = Foundation.framework; path = System/Library/Frameworks/Foundation.framework; sourceTree = SDKROOT; };
		EAD0635416A092D000FF6BA9 /* JCSFoundation-Prefix.pch */ = {isa = PBXFileReference; lastKnownFileType = sourcecode.c.h; path = "JCSFoundation-Prefix.pch"; sourceTree = "<group>"; };
		EAD0635516A092D000FF6BA9 /* JCSFoundation.h */ = {isa = PBXFileReference; lastKnownFileType = sourcecode.c.h; path = JCSFoundation.h; sourceTree = "<group>"; };
		EAD70CF016D1F9E40021EDCF /* JCSSingleInputEntryViewController.h */ = {isa = PBXFileReference; fileEncoding = 4; lastKnownFileType = sourcecode.c.h; path = JCSSingleInputEntryViewController.h; sourceTree = "<group>"; };
		EAD70CF116D1F9E40021EDCF /* JCSSingleInputEntryViewController.m */ = {isa = PBXFileReference; fileEncoding = 4; lastKnownFileType = sourcecode.c.objc; path = JCSSingleInputEntryViewController.m; sourceTree = "<group>"; };
		EAD85B21173A17D700C22211 /* UIImage+Alpha.h */ = {isa = PBXFileReference; fileEncoding = 4; lastKnownFileType = sourcecode.c.h; path = "UIImage+Alpha.h"; sourceTree = "<group>"; };
		EAD85B22173A17D700C22211 /* UIImage+Alpha.m */ = {isa = PBXFileReference; fileEncoding = 4; lastKnownFileType = sourcecode.c.objc; path = "UIImage+Alpha.m"; sourceTree = "<group>"; };
		EAD85B23173A17D700C22211 /* UIImage+Resize.h */ = {isa = PBXFileReference; fileEncoding = 4; lastKnownFileType = sourcecode.c.h; path = "UIImage+Resize.h"; sourceTree = "<group>"; };
		EAD85B24173A17D700C22211 /* UIImage+Resize.m */ = {isa = PBXFileReference; fileEncoding = 4; lastKnownFileType = sourcecode.c.objc; path = "UIImage+Resize.m"; sourceTree = "<group>"; };
		EAD85B25173A17D700C22211 /* UIImage+RoundedCorner.h */ = {isa = PBXFileReference; fileEncoding = 4; lastKnownFileType = sourcecode.c.h; path = "UIImage+RoundedCorner.h"; sourceTree = "<group>"; };
		EAD85B26173A17D700C22211 /* UIImage+RoundedCorner.m */ = {isa = PBXFileReference; fileEncoding = 4; lastKnownFileType = sourcecode.c.objc; path = "UIImage+RoundedCorner.m"; sourceTree = "<group>"; };
		EAD984D91787F899005D3D18 /* JCSJSONNetworkOperation.h */ = {isa = PBXFileReference; fileEncoding = 4; lastKnownFileType = sourcecode.c.h; path = JCSJSONNetworkOperation.h; sourceTree = "<group>"; };
		EAD984DA1787F899005D3D18 /* JCSJSONNetworkOperation.m */ = {isa = PBXFileReference; fileEncoding = 4; lastKnownFileType = sourcecode.c.objc; path = JCSJSONNetworkOperation.m; sourceTree = "<group>"; };
		EADB6BD7178720A000526DE0 /* JCSNetworkOperation.h */ = {isa = PBXFileReference; fileEncoding = 4; lastKnownFileType = sourcecode.c.h; path = JCSNetworkOperation.h; sourceTree = "<group>"; };
		EADB6BD8178720A000526DE0 /* JCSNetworkOperation.m */ = {isa = PBXFileReference; fileEncoding = 4; lastKnownFileType = sourcecode.c.objc; path = JCSNetworkOperation.m; sourceTree = "<group>"; };
		EAEB273216D0D3AD00D126BD /* JCSSelectionViewController.h */ = {isa = PBXFileReference; fileEncoding = 4; lastKnownFileType = sourcecode.c.h; path = JCSSelectionViewController.h; sourceTree = "<group>"; };
		EAEB273316D0D3AD00D126BD /* JCSSelectionViewController.m */ = {isa = PBXFileReference; fileEncoding = 4; lastKnownFileType = sourcecode.c.objc; path = JCSSelectionViewController.m; sourceTree = "<group>"; };
		EAEB273616D0D3CB00D126BD /* JCSSingleSelectionViewController.h */ = {isa = PBXFileReference; fileEncoding = 4; lastKnownFileType = sourcecode.c.h; path = JCSSingleSelectionViewController.h; sourceTree = "<group>"; };
		EAEB273716D0D3CB00D126BD /* JCSSingleSelectionViewController.m */ = {isa = PBXFileReference; fileEncoding = 4; lastKnownFileType = sourcecode.c.objc; path = JCSSingleSelectionViewController.m; sourceTree = "<group>"; };
		EAEB273A16D0D3E100D126BD /* JCSMultiSelectionViewController.h */ = {isa = PBXFileReference; fileEncoding = 4; lastKnownFileType = sourcecode.c.h; path = JCSMultiSelectionViewController.h; sourceTree = "<group>"; };
		EAEB273B16D0D3E100D126BD /* JCSMultiSelectionViewController.m */ = {isa = PBXFileReference; fileEncoding = 4; lastKnownFileType = sourcecode.c.objc; path = JCSMultiSelectionViewController.m; sourceTree = "<group>"; };
		EAEB274516D0D52A00D126BD /* JCSSelectable.h */ = {isa = PBXFileReference; lastKnownFileType = sourcecode.c.h; path = JCSSelectable.h; sourceTree = "<group>"; };
		EAEB274916D1076A00D126BD /* JCSSelectionCell.h */ = {isa = PBXFileReference; fileEncoding = 4; lastKnownFileType = sourcecode.c.h; path = JCSSelectionCell.h; sourceTree = "<group>"; };
		EAEB274A16D1076A00D126BD /* JCSSelectionCell.m */ = {isa = PBXFileReference; fileEncoding = 4; lastKnownFileType = sourcecode.c.objc; path = JCSSelectionCell.m; sourceTree = "<group>"; };
		EAEB276816D11BE500D126BD /* CoreData.framework */ = {isa = PBXFileReference; lastKnownFileType = wrapper.framework; name = CoreData.framework; path = System/Library/Frameworks/CoreData.framework; sourceTree = SDKROOT; };
		EAF31B70179A7CC1004EA135 /* NSDate+ISO8601.h */ = {isa = PBXFileReference; fileEncoding = 4; lastKnownFileType = sourcecode.c.h; path = "NSDate+ISO8601.h"; sourceTree = "<group>"; };
		EAF31B71179A7CC1004EA135 /* NSDate+ISO8601.m */ = {isa = PBXFileReference; fileEncoding = 4; lastKnownFileType = sourcecode.c.objc; path = "NSDate+ISO8601.m"; sourceTree = "<group>"; };
/* End PBXFileReference section */

/* Begin PBXFrameworksBuildPhase section */
		EAD0634A16A092D000FF6BA9 /* Frameworks */ = {
			isa = PBXFrameworksBuildPhase;
			buildActionMask = 2147483647;
			files = (
				EAEB276916D11BE500D126BD /* CoreData.framework in Frameworks */,
				EAD0635116A092D000FF6BA9 /* Foundation.framework in Frameworks */,
				5C0D4F12AC854355B44FE124 /* libPods.a in Frameworks */,
			);
			runOnlyForDeploymentPostprocessing = 0;
		};
/* End PBXFrameworksBuildPhase section */

/* Begin PBXGroup section */
		EA0183EB16EDA2AB005E1DAC /* Localization */ = {
			isa = PBXGroup;
			children = (
				EA0183EC16EDA2C9005E1DAC /* JCSLocalization.h */,
				EA0183ED16EDA2C9005E1DAC /* JCSLocalization.m */,
			);
			path = Localization;
			sourceTree = "<group>";
		};
		EA222E64173B661800C5D613 /* Image */ = {
			isa = PBXGroup;
			children = (
				EA222E65173B662C00C5D613 /* UIImage+JCSImageSave.h */,
				EA222E66173B662C00C5D613 /* UIImage+JCSImageSave.m */,
			);
			path = Image;
			sourceTree = "<group>";
		};
		EA2347B416E349AC000C63A0 /* Camera */ = {
			isa = PBXGroup;
			children = (
				EA2347C716E46E3D000C63A0 /* JCSCameraCapture.h */,
				EA2347C816E46E3D000C63A0 /* JCSCameraCapture.m */,
				EA2347B516E349DB000C63A0 /* JCSPhotoCaptureView.h */,
				EA2347B616E349DB000C63A0 /* JCSPhotoCaptureView.m */,
			);
			path = Camera;
			sourceTree = "<group>";
		};
		EA5D033116CAD48E00D4D42D /* Views */ = {
			isa = PBXGroup;
			children = (
				EA84DD8C16CFC3C800177B30 /* Popups */,
				EA2DB38C16E678D100BD26C4 /* JCSActionSheet.h */,
				EA7AC31016DA00C900633E52 /* JCSAlertView.h */,
				EACE155C16E0801100A5CCCD /* JCSNumericInputAccessoryView.h */,
				EACE155D16E0801100A5CCCD /* JCSNumericInputAccessoryView.m */,
				EA2DB38D16E678F300BD26C4 /* JCSQuickActionSheet.h */,
				EA2DB38E16E678F300BD26C4 /* JCSQuickActionSheet.m */,
				EA7AC30C16D9FC1D00633E52 /* JCSQuickAlertView.h */,
				EA7AC30D16D9FC1D00633E52 /* JCSQuickAlertView.m */,
				EAA54F2517338A6600B65BF3 /* JCSQuickNumericInputAccessoryView.h */,
				EAA54F2617338A6600B65BF3 /* JCSQuickNumericInputAccessoryView.m */,
				EA59299C175A22A5007C0072 /* JCSNoCaretTextField.h */,
				EA59299D175A22A5007C0072 /* JCSNoCaretTextField.m */,
				EAAEEFFC16D7465F008CBBA2 /* UIView+JCSFindParent.h */,
				EAAEEFFD16D7465F008CBBA2 /* UIView+JCSFindParent.m */,
				EA5D034316CAD92D00D4D42D /* UIView+JCSLoadView.h */,
				EA5D034416CAD92D00D4D42D /* UIView+JCSLoadView.m */,
			);
			path = Views;
			sourceTree = "<group>";
		};
		EA69985F16AD3DB400B20033 /* Extensions */ = {
			isa = PBXGroup;
			children = (
				EAF31B70179A7CC1004EA135 /* NSDate+ISO8601.h */,
				EAF31B71179A7CC1004EA135 /* NSDate+ISO8601.m */,
				EA5094B016FA3BE10064B88A /* NSDate+JCSCalculations.h */,
				EA5094B116FA3BE10064B88A /* NSDate+JCSCalculations.m */,
				EA3703581767503900FBD4F3 /* NSMutableString+JCSIssues.h */,
				EA3703591767503900FBD4F3 /* NSMutableString+JCSIssues.m */,
				EA69986116AD3DCF00B20033 /* NSString+JCSValidations.h */,
				EA69986216AD3DCF00B20033 /* NSString+JCSValidations.m */,
				EAC9912717969B9E0042AD89 /* NSString+MD5.h */,
				EAC9912817969B9E0042AD89 /* NSString+MD5.m */,
				EA5D032B16CAD12300D4D42D /* UIApplication+Keyboard.h */,
				EA5D032C16CAD12300D4D42D /* UIApplication+Keyboard.m */,
			);
			path = Extensions;
			sourceTree = "<group>";
		};
		EA71D10F16D4997D0059CC4D /* CoreData */ = {
			isa = PBXGroup;
			children = (
				EA800B731805247F0026C670 /* JCSCoreDataChangeAction.h */,
				EA800B741805247F0026C670 /* JCSCoreDataChangeAction.m */,
				EA71D11016D499950059CC4D /* JCSObjectModel.h */,
				EA71D11116D499950059CC4D /* JCSObjectModel.m */,
			);
			path = CoreData;
			sourceTree = "<group>";
		};
		EA84DD8C16CFC3C800177B30 /* Popups */ = {
			isa = PBXGroup;
			children = (
				EA84DD9516CFC3F200177B30 /* JCSActivityView.h */,
				EA84DD9616CFC3F200177B30 /* JCSActivityView.m */,
				EA84DD8D16CFC3C800177B30 /* JCSPopupAlertView.h */,
				EA84DD8E16CFC3C800177B30 /* JCSPopupAlertView.m */,
				EA84DD9116CFC3DA00177B30 /* JCSPopupView.h */,
				EA84DD9216CFC3DA00177B30 /* JCSPopupView.m */,
			);
			path = Popups;
			sourceTree = "<group>";
		};
		EAA2A64F16D4C1AE00001229 /* CoreData */ = {
			isa = PBXGroup;
			children = (
				EA800B6F180523560026C670 /* JCSFetchedCollectionViewController.h */,
				EA800B70180523560026C670 /* JCSFetchedCollectionViewController.m */,
				EAA2A65816D4C5DF00001229 /* JCSFetchedTableCell.h */,
				EAA2A65916D4C5DF00001229 /* JCSFetchedTableCell.m */,
				EAA2A65016D4C1D800001229 /* JCSFetchedTableViewController.h */,
				EAA2A65116D4C1D800001229 /* JCSFetchedTableViewController.m */,
			);
			path = CoreData;
			sourceTree = "<group>";
		};
		EAAEEFE616D73E22008CBBA2 /* Cells */ = {
			isa = PBXGroup;
			children = (
				EA92D968176A5C2D0078D0C4 /* JCSDateEntryCell.h */,
				EA92D969176A5C2D0078D0C4 /* JCSDateEntryCell.m */,
				EAA54F211733871F00B65BF3 /* JCSDecimalInputValidation.h */,
				EAA54F221733871F00B65BF3 /* JCSDecimalInputValidation.m */,
				EA592998175A2212007C0072 /* JCSDropDownCell.h */,
				EA592999175A2212007C0072 /* JCSDropDownCell.m */,
				EA5929A9175A280B007C0072 /* JCSDropDownItem.h */,
				EAA54F201733870400B65BF3 /* JCSInputValidation.h */,
				EAAEEFEB16D73E72008CBBA2 /* JCSTextEntryCell.h */,
				EAAEEFEC16D73E72008CBBA2 /* JCSTextEntryCell.m */,
				EA7AC2F616D8AD7B00633E52 /* UITableViewCell+JCSPositioning.h */,
				EA7AC2F716D8AD7B00633E52 /* UITableViewCell+JCSPositioning.m */,
			);
			path = Cells;
			sourceTree = "<group>";
		};
		EACDE6E016FD1052000BFCAA /* XML */ = {
			isa = PBXGroup;
			children = (
				EACDE6E116FD1052000BFCAA /* GDataXMLElement+JCSHelpers.h */,
				EACDE6E216FD1052000BFCAA /* GDataXMLElement+JCSHelpers.m */,
				EACDE6E316FD1052000BFCAA /* GDataXMLNode.h */,
				EACDE6E416FD1052000BFCAA /* GDataXMLNode.m */,
			);
			path = XML;
			sourceTree = "<group>";
		};
		EAD0634216A092D000FF6BA9 = {
			isa = PBXGroup;
			children = (
				EAD0634F16A092D000FF6BA9 /* Frameworks */,
				EAD0635216A092D000FF6BA9 /* JCSFoundation */,
				EAD0634E16A092D000FF6BA9 /* Products */,
				EAD0635316A092D000FF6BA9 /* Supporting Files */,
				EAD85B1F173A17D700C22211 /* Thirdparty */,
				22B18E9DCA504C2BAED346D2 /* Pods/Pods.xcconfig */,
			);
			sourceTree = "<group>";
		};
		EAD0634E16A092D000FF6BA9 /* Products */ = {
			isa = PBXGroup;
			children = (
				EAD0634D16A092D000FF6BA9 /* libJCSFoundation.a */,
			);
			name = Products;
			sourceTree = "<group>";
		};
		EAD0634F16A092D000FF6BA9 /* Frameworks */ = {
			isa = PBXGroup;
			children = (
				EAEB276816D11BE500D126BD /* CoreData.framework */,
				EAD0635016A092D000FF6BA9 /* Foundation.framework */,
				66E0F395D9D548D8B5F4B807 /* libPods.a */,
			);
			name = Frameworks;
			sourceTree = "<group>";
		};
		EAD0635216A092D000FF6BA9 /* JCSFoundation */ = {
			isa = PBXGroup;
			children = (
				EA2347B416E349AC000C63A0 /* Camera */,
				EAAEEFE616D73E22008CBBA2 /* Cells */,
				EA71D10F16D4997D0059CC4D /* CoreData */,
				EA69985F16AD3DB400B20033 /* Extensions */,
				EA222E64173B661800C5D613 /* Image */,
				EA0183EB16EDA2AB005E1DAC /* Localization */,
				EADB6BD61787208E00526DE0 /* Network */,
				EAEB273016D0D35A00D126BD /* ViewControllers */,
				EA5D033116CAD48E00D4D42D /* Views */,
				EACDE6E016FD1052000BFCAA /* XML */,
				EAD0635516A092D000FF6BA9 /* JCSFoundation.h */,
				EA5D034216CAD81200D4D42D /* JCSFoundationConstants.h */,
			);
			path = JCSFoundation;
			sourceTree = "<group>";
		};
		EAD0635316A092D000FF6BA9 /* Supporting Files */ = {
			isa = PBXGroup;
			children = (
				EAD0635416A092D000FF6BA9 /* JCSFoundation-Prefix.pch */,
			);
			name = "Supporting Files";
			path = JCSFoundation;
			sourceTree = "<group>";
		};
		EAD70CEF16D1F9A90021EDCF /* Input */ = {
			isa = PBXGroup;
			children = (
				EAAEEFE716D73E54008CBBA2 /* JCSInputCellsViewController.h */,
				EAAEEFE816D73E54008CBBA2 /* JCSInputCellsViewController.m */,
				EAD70CF016D1F9E40021EDCF /* JCSSingleInputEntryViewController.h */,
				EAD70CF116D1F9E40021EDCF /* JCSSingleInputEntryViewController.m */,
			);
			path = Input;
			sourceTree = "<group>";
		};
		EAD85B1F173A17D700C22211 /* Thirdparty */ = {
			isa = PBXGroup;
			children = (
				EAD85B20173A17D700C22211 /* UIImageCategories */,
			);
			path = Thirdparty;
			sourceTree = "<group>";
		};
		EAD85B20173A17D700C22211 /* UIImageCategories */ = {
			isa = PBXGroup;
			children = (
				EAD85B21173A17D700C22211 /* UIImage+Alpha.h */,
				EAD85B22173A17D700C22211 /* UIImage+Alpha.m */,
				EAD85B23173A17D700C22211 /* UIImage+Resize.h */,
				EAD85B24173A17D700C22211 /* UIImage+Resize.m */,
				EAD85B25173A17D700C22211 /* UIImage+RoundedCorner.h */,
				EAD85B26173A17D700C22211 /* UIImage+RoundedCorner.m */,
			);
			path = UIImageCategories;
			sourceTree = "<group>";
		};
		EADB6BD61787208E00526DE0 /* Network */ = {
			isa = PBXGroup;
			children = (
				EAD984D91787F899005D3D18 /* JCSJSONNetworkOperation.h */,
				EAD984DA1787F899005D3D18 /* JCSJSONNetworkOperation.m */,
				EADB6BD7178720A000526DE0 /* JCSNetworkOperation.h */,
				EADB6BD8178720A000526DE0 /* JCSNetworkOperation.m */,
			);
			path = Network;
			sourceTree = "<group>";
		};
		EAEB273016D0D35A00D126BD /* ViewControllers */ = {
			isa = PBXGroup;
			children = (
				EAA2A64F16D4C1AE00001229 /* CoreData */,
				EAD70CEF16D1F9A90021EDCF /* Input */,
				EAEB273116D0D38E00D126BD /* Selection */,
			);
			path = ViewControllers;
			sourceTree = "<group>";
		};
		EAEB273116D0D38E00D126BD /* Selection */ = {
			isa = PBXGroup;
			children = (
				EAEB273A16D0D3E100D126BD /* JCSMultiSelectionViewController.h */,
				EAEB273B16D0D3E100D126BD /* JCSMultiSelectionViewController.m */,
				EAEB274516D0D52A00D126BD /* JCSSelectable.h */,
				EAEB274916D1076A00D126BD /* JCSSelectionCell.h */,
				EAEB274A16D1076A00D126BD /* JCSSelectionCell.m */,
				EAEB273216D0D3AD00D126BD /* JCSSelectionViewController.h */,
				EAEB273316D0D3AD00D126BD /* JCSSelectionViewController.m */,
				EAEB273616D0D3CB00D126BD /* JCSSingleSelectionViewController.h */,
				EAEB273716D0D3CB00D126BD /* JCSSingleSelectionViewController.m */,
			);
			path = Selection;
			sourceTree = "<group>";
		};
/* End PBXGroup section */

/* Begin PBXHeadersBuildPhase section */
		EA69987216AD42A000B20033 /* Headers */ = {
			isa = PBXHeadersBuildPhase;
			buildActionMask = 2147483647;
			files = (
				EA69987316AD42B700B20033 /* JCSFoundation.h in Headers */,
				EA69987416AD42B900B20033 /* NSString+JCSValidations.h in Headers */,
				EA5D032D16CAD12300D4D42D /* UIApplication+Keyboard.h in Headers */,
				EA5D034516CAD92D00D4D42D /* UIView+JCSLoadView.h in Headers */,
				EA84DD8F16CFC3C800177B30 /* JCSPopupAlertView.h in Headers */,
				EA84DD9316CFC3DA00177B30 /* JCSPopupView.h in Headers */,
				EA84DD9716CFC3F200177B30 /* JCSActivityView.h in Headers */,
				EAEB273416D0D3AD00D126BD /* JCSSelectionViewController.h in Headers */,
				EAEB273816D0D3CB00D126BD /* JCSSingleSelectionViewController.h in Headers */,
				EAEB273C16D0D3E100D126BD /* JCSMultiSelectionViewController.h in Headers */,
				EAEB274B16D1076A00D126BD /* JCSSelectionCell.h in Headers */,
				EAD70CF216D1F9E40021EDCF /* JCSSingleInputEntryViewController.h in Headers */,
				EA71D11216D499950059CC4D /* JCSObjectModel.h in Headers */,
				EAA2A65216D4C1D800001229 /* JCSFetchedTableViewController.h in Headers */,
				EAA2A65A16D4C5DF00001229 /* JCSFetchedTableCell.h in Headers */,
				EAAEEFE916D73E54008CBBA2 /* JCSInputCellsViewController.h in Headers */,
				EAAEEFED16D73E72008CBBA2 /* JCSTextEntryCell.h in Headers */,
				EAAEEFFE16D7465F008CBBA2 /* UIView+JCSFindParent.h in Headers */,
				EA7AC2F816D8AD7B00633E52 /* UITableViewCell+JCSPositioning.h in Headers */,
				EA7AC30E16D9FC1D00633E52 /* JCSQuickAlertView.h in Headers */,
				EACE155E16E0801100A5CCCD /* JCSNumericInputAccessoryView.h in Headers */,
				EA2347B716E349DB000C63A0 /* JCSPhotoCaptureView.h in Headers */,
				EA2347C916E46E3D000C63A0 /* JCSCameraCapture.h in Headers */,
				EA2DB38F16E678F300BD26C4 /* JCSQuickActionSheet.h in Headers */,
				EA0183EE16EDA2C9005E1DAC /* JCSLocalization.h in Headers */,
				EA5094B216FA3BE10064B88A /* NSDate+JCSCalculations.h in Headers */,
				EACDE6E516FD1052000BFCAA /* GDataXMLElement+JCSHelpers.h in Headers */,
				EACDE6E716FD1053000BFCAA /* GDataXMLNode.h in Headers */,
				EAA54F231733871F00B65BF3 /* JCSDecimalInputValidation.h in Headers */,
				EAA54F2717338A6600B65BF3 /* JCSQuickNumericInputAccessoryView.h in Headers */,
				EA800B751805247F0026C670 /* JCSCoreDataChangeAction.h in Headers */,
				EAD85B27173A17D700C22211 /* UIImage+Alpha.h in Headers */,
				EAD85B29173A17D700C22211 /* UIImage+Resize.h in Headers */,
				EAD85B2B173A17D700C22211 /* UIImage+RoundedCorner.h in Headers */,
				EA222E67173B662C00C5D613 /* UIImage+JCSImageSave.h in Headers */,
				EA59299A175A2212007C0072 /* JCSDropDownCell.h in Headers */,
				EA59299E175A22A5007C0072 /* JCSNoCaretTextField.h in Headers */,
				EA37035A1767503900FBD4F3 /* NSMutableString+JCSIssues.h in Headers */,
				EA92D96A176A5C2D0078D0C4 /* JCSDateEntryCell.h in Headers */,
				EADB6BD9178720A000526DE0 /* JCSNetworkOperation.h in Headers */,
				EAD984DB1787F899005D3D18 /* JCSJSONNetworkOperation.h in Headers */,
				EA800B71180523560026C670 /* JCSFetchedCollectionViewController.h in Headers */,
				EAC9912917969B9E0042AD89 /* NSString+MD5.h in Headers */,
				EAF31B72179A7CC1004EA135 /* NSDate+ISO8601.h in Headers */,
			);
			runOnlyForDeploymentPostprocessing = 0;
		};
/* End PBXHeadersBuildPhase section */

/* Begin PBXNativeTarget section */
		EAD0634C16A092D000FF6BA9 /* JCSFoundation */ = {
			isa = PBXNativeTarget;
			buildConfigurationList = EAD0635B16A092D000FF6BA9 /* Build configuration list for PBXNativeTarget "JCSFoundation" */;
			buildPhases = (
				2B5B1CE11D664E83B9B178EB /* Check Pods Manifest.lock */,
				EAD0634916A092D000FF6BA9 /* Sources */,
				EAD0634A16A092D000FF6BA9 /* Frameworks */,
				EA69987216AD42A000B20033 /* Headers */,
				EA69986E16AD403C00B20033 /* Prepare Framework */,
				A3FF148C4988431AA60254BB /* Copy Pods Resources */,
			);
			buildRules = (
			);
			dependencies = (
			);
			name = JCSFoundation;
			productName = JCSFoundation;
			productReference = EAD0634D16A092D000FF6BA9 /* libJCSFoundation.a */;
			productType = "com.apple.product-type.library.static";
		};
/* End PBXNativeTarget section */

/* Begin PBXProject section */
		EAD0634416A092D000FF6BA9 /* Project object */ = {
			isa = PBXProject;
			attributes = {
				LastUpgradeCheck = 0500;
				ORGANIZATIONNAME = JaanusSiim;
			};
			buildConfigurationList = EAD0634716A092D000FF6BA9 /* Build configuration list for PBXProject "JCSFoundation" */;
			compatibilityVersion = "Xcode 3.2";
			developmentRegion = English;
			hasScannedForEncodings = 0;
			knownRegions = (
				en,
			);
			mainGroup = EAD0634216A092D000FF6BA9;
			productRefGroup = EAD0634E16A092D000FF6BA9 /* Products */;
			projectDirPath = "";
			projectRoot = "";
			targets = (
				EAD0634C16A092D000FF6BA9 /* JCSFoundation */,
				EA69987516AD438700B20033 /* FoundationFramework */,
			);
		};
/* End PBXProject section */

/* Begin PBXShellScriptBuildPhase section */
		2B5B1CE11D664E83B9B178EB /* Check Pods Manifest.lock */ = {
			isa = PBXShellScriptBuildPhase;
			buildActionMask = 2147483647;
			files = (
			);
			inputPaths = (
			);
			name = "Check Pods Manifest.lock";
			outputPaths = (
			);
			runOnlyForDeploymentPostprocessing = 0;
			shellPath = /bin/sh;
			shellScript = "diff \"${PODS_ROOT}/../Podfile.lock\" \"${PODS_ROOT}/Manifest.lock\" > /dev/null\nif [[ $? != 0 ]] ; then\n    cat << EOM\nerror: The sandbox is not in sync with the Podfile.lock. Run 'pod install' or update your CocoaPods installation.\nEOM\n    exit 1\nfi\n";
			showEnvVarsInLog = 0;
		};
		A3FF148C4988431AA60254BB /* Copy Pods Resources */ = {
			isa = PBXShellScriptBuildPhase;
			buildActionMask = 2147483647;
			files = (
			);
			inputPaths = (
			);
			name = "Copy Pods Resources";
			outputPaths = (
			);
			runOnlyForDeploymentPostprocessing = 0;
			shellPath = /bin/sh;
			shellScript = "\"${SRCROOT}/Pods/Pods-resources.sh\"\n";
			showEnvVarsInLog = 0;
		};
		EA69986E16AD403C00B20033 /* Prepare Framework */ = {
			isa = PBXShellScriptBuildPhase;
			buildActionMask = 2147483647;
			files = (
			);
			inputPaths = (
			);
			name = "Prepare Framework";
			outputPaths = (
			);
			runOnlyForDeploymentPostprocessing = 0;
			shellPath = /bin/sh;
			shellScript = "set -e\n\nmkdir -p \"${BUILT_PRODUCTS_DIR}/${PRODUCT_NAME}.framework/Versions/A/Headers\"\n\n# Link the \"Current\" version to \"A\"\n/bin/ln -sfh A \"${BUILT_PRODUCTS_DIR}/${PRODUCT_NAME}.framework/Versions/Current\"\n/bin/ln -sfh Versions/Current/Headers \"${BUILT_PRODUCTS_DIR}/${PRODUCT_NAME}.framework/Headers\"\n/bin/ln -sfh \"Versions/Current/${PRODUCT_NAME}\" \"${BUILT_PRODUCTS_DIR}/${PRODUCT_NAME}.framework/${PRODUCT_NAME}\"\n\n# The -a ensures that the headers maintain the source modification date so that we don't constantly\n# cause propagating rebuilds of files that import these headers.\n/bin/cp -a \"${TARGET_BUILD_DIR}/${PUBLIC_HEADERS_FOLDER_PATH}/\" \"${BUILT_PRODUCTS_DIR}/${PRODUCT_NAME}.framework/Versions/A/Headers\"";
		};
		EA69987B16AD43A100B20033 /* ShellScript */ = {
			isa = PBXShellScriptBuildPhase;
			buildActionMask = 2147483647;
			files = (
			);
			inputPaths = (
			);
			outputPaths = (
			);
			runOnlyForDeploymentPostprocessing = 0;
			shellPath = /bin/sh;
			shellScript = "set -e\nset +u\n# Avoid recursively calling this script.\nif [[ $SF_MASTER_SCRIPT_RUNNING ]]\nthen\nexit 0\nfi\nset -u\nexport SF_MASTER_SCRIPT_RUNNING=1\n\nSF_TARGET_NAME=${PROJECT_NAME}\nSF_EXECUTABLE_PATH=\"lib${SF_TARGET_NAME}.a\"\nSF_WRAPPER_NAME=\"${SF_TARGET_NAME}.framework\"\n\n# The following conditionals come from\n# https://github.com/kstenerud/iOS-Universal-Framework\n\nif [[ \"$SDK_NAME\" =~ ([A-Za-z]+) ]]\nthen\nSF_SDK_PLATFORM=${BASH_REMATCH[1]}\nelse\necho \"Could not find platform name from SDK_NAME: $SDK_NAME\"\nexit 1\nfi\n\nif [[ \"$SDK_NAME\" =~ ([0-9]+.*$) ]]\nthen\nSF_SDK_VERSION=${BASH_REMATCH[1]}\nelse\necho \"Could not find sdk version from SDK_NAME: $SDK_NAME\"\nexit 1\nfi\n\nif [[ \"$SF_SDK_PLATFORM\" = \"iphoneos\" ]]\nthen\nSF_OTHER_PLATFORM=iphonesimulator\nelse\nSF_OTHER_PLATFORM=iphoneos\nfi\n\nif [[ \"$BUILT_PRODUCTS_DIR\" =~ (.*)$SF_SDK_PLATFORM$ ]]\nthen\nSF_OTHER_BUILT_PRODUCTS_DIR=\"${BASH_REMATCH[1]}${SF_OTHER_PLATFORM}\"\nelse\necho \"Could not find platform name from build products directory: $BUILT_PRODUCTS_DIR\"\nexit 1\nfi\n\n# Build the other platform.\nxcodebuild -project \"${PROJECT_FILE_PATH}\" -target \"${TARGET_NAME}\" -configuration \"${CONFIGURATION}\" -sdk ${SF_OTHER_PLATFORM}${SF_SDK_VERSION} BUILD_DIR=\"${BUILD_DIR}\" OBJROOT=\"${OBJROOT}\" BUILD_ROOT=\"${BUILD_ROOT}\" SYMROOT=\"${SYMROOT}\" $ACTION\n\n# Smash the two static libraries into one fat binary and store it in the .framework\nlipo -create \"${BUILT_PRODUCTS_DIR}/${SF_EXECUTABLE_PATH}\" \"${SF_OTHER_BUILT_PRODUCTS_DIR}/${SF_EXECUTABLE_PATH}\" -output \"${BUILT_PRODUCTS_DIR}/${SF_WRAPPER_NAME}/Versions/A/${SF_TARGET_NAME}\"\n\n# Copy the binary to the other architecture folder to have a complete framework in both.\ncp -a \"${BUILT_PRODUCTS_DIR}/${SF_WRAPPER_NAME}/Versions/A/${SF_TARGET_NAME}\" \"${SF_OTHER_BUILT_PRODUCTS_DIR}/${SF_WRAPPER_NAME}/Versions/A/${SF_TARGET_NAME}\"";
		};
/* End PBXShellScriptBuildPhase section */

/* Begin PBXSourcesBuildPhase section */
		EAD0634916A092D000FF6BA9 /* Sources */ = {
			isa = PBXSourcesBuildPhase;
			buildActionMask = 2147483647;
			files = (
				EA69986316AD3DCF00B20033 /* NSString+JCSValidations.m in Sources */,
				EA5D032E16CAD12300D4D42D /* UIApplication+Keyboard.m in Sources */,
				EA5D034616CAD92D00D4D42D /* UIView+JCSLoadView.m in Sources */,
				EA84DD9016CFC3C800177B30 /* JCSPopupAlertView.m in Sources */,
				EA84DD9416CFC3DA00177B30 /* JCSPopupView.m in Sources */,
				EA84DD9816CFC3F200177B30 /* JCSActivityView.m in Sources */,
				EAEB273516D0D3AD00D126BD /* JCSSelectionViewController.m in Sources */,
				EAEB273916D0D3CB00D126BD /* JCSSingleSelectionViewController.m in Sources */,
				EAEB273D16D0D3E100D126BD /* JCSMultiSelectionViewController.m in Sources */,
				EAEB274C16D1076A00D126BD /* JCSSelectionCell.m in Sources */,
				EAD70CF316D1F9E40021EDCF /* JCSSingleInputEntryViewController.m in Sources */,
				EA71D11316D499950059CC4D /* JCSObjectModel.m in Sources */,
				EAA2A65316D4C1D800001229 /* JCSFetchedTableViewController.m in Sources */,
				EAA2A65B16D4C5DF00001229 /* JCSFetchedTableCell.m in Sources */,
				EAAEEFEA16D73E54008CBBA2 /* JCSInputCellsViewController.m in Sources */,
				EAAEEFEE16D73E72008CBBA2 /* JCSTextEntryCell.m in Sources */,
				EAAEEFFF16D7465F008CBBA2 /* UIView+JCSFindParent.m in Sources */,
				EA7AC2F916D8AD7B00633E52 /* UITableViewCell+JCSPositioning.m in Sources */,
				EA7AC30F16D9FC1D00633E52 /* JCSQuickAlertView.m in Sources */,
				EACE155F16E0801100A5CCCD /* JCSNumericInputAccessoryView.m in Sources */,
				EA2347B816E349DB000C63A0 /* JCSPhotoCaptureView.m in Sources */,
				EA800B72180523560026C670 /* JCSFetchedCollectionViewController.m in Sources */,
				EA2347CA16E46E3D000C63A0 /* JCSCameraCapture.m in Sources */,
				EA2DB39016E678F300BD26C4 /* JCSQuickActionSheet.m in Sources */,
				EA0183EF16EDA2C9005E1DAC /* JCSLocalization.m in Sources */,
				EA800B761805247F0026C670 /* JCSCoreDataChangeAction.m in Sources */,
				EA5094B316FA3BE10064B88A /* NSDate+JCSCalculations.m in Sources */,
				EACDE6E616FD1053000BFCAA /* GDataXMLElement+JCSHelpers.m in Sources */,
				EACDE6E816FD1053000BFCAA /* GDataXMLNode.m in Sources */,
				EAA54F241733871F00B65BF3 /* JCSDecimalInputValidation.m in Sources */,
				EAA54F2817338A6600B65BF3 /* JCSQuickNumericInputAccessoryView.m in Sources */,
				EAD85B28173A17D700C22211 /* UIImage+Alpha.m in Sources */,
				EAD85B2A173A17D700C22211 /* UIImage+Resize.m in Sources */,
				EAD85B2C173A17D700C22211 /* UIImage+RoundedCorner.m in Sources */,
				EA222E68173B662C00C5D613 /* UIImage+JCSImageSave.m in Sources */,
				EA59299B175A2212007C0072 /* JCSDropDownCell.m in Sources */,
				EA59299F175A22A5007C0072 /* JCSNoCaretTextField.m in Sources */,
				EA37035B1767503900FBD4F3 /* NSMutableString+JCSIssues.m in Sources */,
				EA92D96B176A5C2D0078D0C4 /* JCSDateEntryCell.m in Sources */,
				EADB6BDA178720A000526DE0 /* JCSNetworkOperation.m in Sources */,
				EAD984DC1787F899005D3D18 /* JCSJSONNetworkOperation.m in Sources */,
				EAC9912A17969B9E0042AD89 /* NSString+MD5.m in Sources */,
				EAF31B73179A7CC1004EA135 /* NSDate+ISO8601.m in Sources */,
			);
			runOnlyForDeploymentPostprocessing = 0;
		};
/* End PBXSourcesBuildPhase section */

/* Begin PBXTargetDependency section */
		EA69987A16AD439200B20033 /* PBXTargetDependency */ = {
			isa = PBXTargetDependency;
			target = EAD0634C16A092D000FF6BA9 /* JCSFoundation */;
			targetProxy = EA69987916AD439200B20033 /* PBXContainerItemProxy */;
		};
/* End PBXTargetDependency section */

/* Begin XCBuildConfiguration section */
		EA69987716AD438700B20033 /* Debug */ = {
			isa = XCBuildConfiguration;
			buildSettings = {
				PRODUCT_NAME = "$(TARGET_NAME)";
			};
			name = Debug;
		};
		EA69987816AD438700B20033 /* Release */ = {
			isa = XCBuildConfiguration;
			buildSettings = {
				PRODUCT_NAME = "$(TARGET_NAME)";
			};
			name = Release;
		};
		EAD0635916A092D000FF6BA9 /* Debug */ = {
			isa = XCBuildConfiguration;
			buildSettings = {
				ALWAYS_SEARCH_USER_PATHS = NO;
				CLANG_CXX_LANGUAGE_STANDARD = "gnu++0x";
				CLANG_CXX_LIBRARY = "libc++";
				CLANG_ENABLE_OBJC_ARC = YES;
				CLANG_WARN_EMPTY_BODY = YES;
				CLANG_WARN__DUPLICATE_METHOD_MATCH = YES;
				COPY_PHASE_STRIP = NO;
				GCC_C_LANGUAGE_STANDARD = gnu99;
				GCC_DYNAMIC_NO_PIC = NO;
				GCC_OPTIMIZATION_LEVEL = 0;
				GCC_PREPROCESSOR_DEFINITIONS = (
					"DEBUG=1",
					"$(inherited)",
				);
				GCC_SYMBOLS_PRIVATE_EXTERN = NO;
				GCC_WARN_ABOUT_RETURN_TYPE = YES;
				GCC_WARN_UNINITIALIZED_AUTOS = YES;
				GCC_WARN_UNUSED_VARIABLE = YES;
				IPHONEOS_DEPLOYMENT_TARGET = 7.0;
				ONLY_ACTIVE_ARCH = NO;
				SDKROOT = iphoneos;
			};
			name = Debug;
		};
		EAD0635A16A092D000FF6BA9 /* Release */ = {
			isa = XCBuildConfiguration;
			buildSettings = {
				ALWAYS_SEARCH_USER_PATHS = NO;
				CLANG_CXX_LANGUAGE_STANDARD = "gnu++0x";
				CLANG_CXX_LIBRARY = "libc++";
				CLANG_ENABLE_OBJC_ARC = YES;
				CLANG_WARN_EMPTY_BODY = YES;
				CLANG_WARN__DUPLICATE_METHOD_MATCH = YES;
				COPY_PHASE_STRIP = YES;
				GCC_C_LANGUAGE_STANDARD = gnu99;
				GCC_WARN_ABOUT_RETURN_TYPE = YES;
				GCC_WARN_UNINITIALIZED_AUTOS = YES;
				GCC_WARN_UNUSED_VARIABLE = YES;
				IPHONEOS_DEPLOYMENT_TARGET = 7.0;
				SDKROOT = iphoneos;
				VALIDATE_PRODUCT = YES;
			};
			name = Release;
		};
		EAD0635C16A092D000FF6BA9 /* Debug */ = {
			isa = XCBuildConfiguration;
			baseConfigurationReference = 22B18E9DCA504C2BAED346D2 /* Pods/Pods.xcconfig */;
			buildSettings = {
				COPY_PHASE_STRIP = NO;
				DEAD_CODE_STRIPPING = NO;
				DSTROOT = /tmp/JCSFoundation.dst;
				GCC_PRECOMPILE_PREFIX_HEADER = YES;
				GCC_PREFIX_HEADER = "JCSFoundation/JCSFoundation-Prefix.pch";
				HEADER_SEARCH_PATHS = (
					/usr/include/libxml2,
					"$(inherited)",
				);
				IPHONEOS_DEPLOYMENT_TARGET = 7.0;
				ONLY_ACTIVE_ARCH = NO;
				OTHER_LDFLAGS = "$(inherited)";
				PRODUCT_NAME = "$(TARGET_NAME)";
				PUBLIC_HEADERS_FOLDER_PATH = "$(PROJECT_NAME)Headers";
				SKIP_INSTALL = YES;
				STRIP_STYLE = "non-global";
				VALID_ARCHS = "armv7 armv7s";
			};
			name = Debug;
		};
		EAD0635D16A092D000FF6BA9 /* Release */ = {
			isa = XCBuildConfiguration;
			baseConfigurationReference = 22B18E9DCA504C2BAED346D2 /* Pods/Pods.xcconfig */;
			buildSettings = {
				COPY_PHASE_STRIP = NO;
				DEAD_CODE_STRIPPING = NO;
				DSTROOT = /tmp/JCSFoundation.dst;
				GCC_PRECOMPILE_PREFIX_HEADER = YES;
				GCC_PREFIX_HEADER = "JCSFoundation/JCSFoundation-Prefix.pch";
				HEADER_SEARCH_PATHS = (
					/usr/include/libxml2,
					"$(inherited)",
				);
				IPHONEOS_DEPLOYMENT_TARGET = 7.0;
				OTHER_LDFLAGS = "$(inherited)";
				PRODUCT_NAME = "$(TARGET_NAME)";
				PUBLIC_HEADERS_FOLDER_PATH = "$(PROJECT_NAME)Headers";
				SKIP_INSTALL = YES;
				STRIP_STYLE = "non-global";
				VALID_ARCHS = "armv7 armv7s";
			};
			name = Release;
		};
/* End XCBuildConfiguration section */

/* Begin XCConfigurationList section */
		EA69987616AD438700B20033 /* Build configuration list for PBXAggregateTarget "FoundationFramework" */ = {
			isa = XCConfigurationList;
			buildConfigurations = (
				EA69987716AD438700B20033 /* Debug */,
				EA69987816AD438700B20033 /* Release */,
			);
			defaultConfigurationIsVisible = 0;
			defaultConfigurationName = Release;
		};
		EAD0634716A092D000FF6BA9 /* Build configuration list for PBXProject "JCSFoundation" */ = {
			isa = XCConfigurationList;
			buildConfigurations = (
				EAD0635916A092D000FF6BA9 /* Debug */,
				EAD0635A16A092D000FF6BA9 /* Release */,
			);
			defaultConfigurationIsVisible = 0;
			defaultConfigurationName = Release;
		};
		EAD0635B16A092D000FF6BA9 /* Build configuration list for PBXNativeTarget "JCSFoundation" */ = {
			isa = XCConfigurationList;
			buildConfigurations = (
				EAD0635C16A092D000FF6BA9 /* Debug */,
				EAD0635D16A092D000FF6BA9 /* Release */,
			);
			defaultConfigurationIsVisible = 0;
			defaultConfigurationName = Release;
		};
/* End XCConfigurationList section */
	};
	rootObject = EAD0634416A092D000FF6BA9 /* Project object */;
}
